
Microsoft Visual Studio Solution File, Format Version 12.00
# Visual Studio Version 17
VisualStudioVersion = 17.8.34316.72
MinimumVisualStudioVersion = 10.0.40219.1
Project("{FAE04EC0-301F-11D3-BF4B-00C04F79EFBC}") = "FASTFOOD", "FASTFOOD\FASTFOOD.csproj", "{8F1652AC-569B-4D21-BCE3-38D74265FC26}"
EndProject
Global
	GlobalSection(SolutionConfigurationPlatforms) = preSolution
		Debug|Any CPU = Debug|Any CPU
		Release|Any CPU = Release|Any CPU
	EndGlobalSection
	GlobalSection(ProjectConfigurationPlatforms) = postSolution
		{8F1652AC-569B-4D21-BCE3-38D74265FC26}.Debug|Any CPU.ActiveCfg = Debug|Any CPU
		{8F1652AC-569B-4D21-BCE3-38D74265FC26}.Debug|Any CPU.Build.0 = Debug|Any CPU
		{8F1652AC-569B-4D21-BCE3-38D74265FC26}.Release|Any CPU.ActiveCfg = Release|Any CPU
		{8F1652AC-569B-4D21-BCE3-38D74265FC26}.Release|Any CPU.Build.0 = Release|Any CPU
	EndGlobalSection
	GlobalSection(SolutionProperties) = preSolution
		HideSolutionNode = FALSE
	EndGlobalSection
	GlobalSection(ExtensibilityGlobals) = postSolution
		SolutionGuid = {7EBEA6E1-0C5B-4336-AFA5-4EEAB12DC024}
	EndGlobalSection
EndGlobal
